
Microsoft Visual Studio Solution File, Format Version 12.00
# Visual Studio 15
VisualStudioVersion = 15.0.26730.3
MinimumVisualStudioVersion = 10.0.40219.1
Project("{00D1A9C2-B5F0-4AF3-8072-F6C62B433612}") = "web-apps-project", "web-apps-project\web-apps-project.sqlproj", "{58567495-D744-4D70-8548-12C969A46FFD}"
EndProject
Project("{FAE04EC0-301F-11D3-BF4B-00C04F79EFBC}") = "bus-timetables", "bus-timetables\bus-timetables.csproj", "{BD0C461B-8EF2-43E4-98BE-4C9DB8353386}"
EndProject
Global
	GlobalSection(SolutionConfigurationPlatforms) = preSolution
		Debug|Any CPU = Debug|Any CPU
		Release|Any CPU = Release|Any CPU
	EndGlobalSection
	GlobalSection(ProjectConfigurationPlatforms) = postSolution
		{58567495-D744-4D70-8548-12C969A46FFD}.Debug|Any CPU.ActiveCfg = Debug|Any CPU
		{58567495-D744-4D70-8548-12C969A46FFD}.Debug|Any CPU.Build.0 = Debug|Any CPU
		{58567495-D744-4D70-8548-12C969A46FFD}.Debug|Any CPU.Deploy.0 = Debug|Any CPU
		{58567495-D744-4D70-8548-12C969A46FFD}.Release|Any CPU.ActiveCfg = Release|Any CPU
		{58567495-D744-4D70-8548-12C969A46FFD}.Release|Any CPU.Build.0 = Release|Any CPU
		{58567495-D744-4D70-8548-12C969A46FFD}.Release|Any CPU.Deploy.0 = Release|Any CPU
		{BD0C461B-8EF2-43E4-98BE-4C9DB8353386}.Debug|Any CPU.ActiveCfg = Debug|Any CPU
		{BD0C461B-8EF2-43E4-98BE-4C9DB8353386}.Debug|Any CPU.Build.0 = Debug|Any CPU
		{BD0C461B-8EF2-43E4-98BE-4C9DB8353386}.Release|Any CPU.ActiveCfg = Release|Any CPU
		{BD0C461B-8EF2-43E4-98BE-4C9DB8353386}.Release|Any CPU.Build.0 = Release|Any CPU
	EndGlobalSection
	GlobalSection(SolutionProperties) = preSolution
		HideSolutionNode = FALSE
	EndGlobalSection
	GlobalSection(ExtensibilityGlobals) = postSolution
		SolutionGuid = {682835A3-0CE1-4FB2-999D-CC1696D9517E}
	EndGlobalSection
EndGlobal
